
Microsoft Visual Studio Solution File, Format Version 12.00
# Visual Studio Version 17
VisualStudioVersion = 17.5.002.0
MinimumVisualStudioVersion = 10.0.40219.1
Project("{9A19103F-16F7-4668-BE54-9A1E7A4F7556}") = "ProgRexBackend", "ProgRexBackend.csproj", "{324590E3-A415-44A4-984B-D06F949377DD}"
EndProject
Global
	GlobalSection(SolutionConfigurationPlatforms) = preSolution
		Debug|Any CPU = Debug|Any CPU
		Release|Any CPU = Release|Any CPU
	EndGlobalSection
	GlobalSection(ProjectConfigurationPlatforms) = postSolution
		{324590E3-A415-44A4-984B-D06F949377DD}.Debug|Any CPU.ActiveCfg = Debug|Any CPU
		{324590E3-A415-44A4-984B-D06F949377DD}.Debug|Any CPU.Build.0 = Debug|Any CPU
		{324590E3-A415-44A4-984B-D06F949377DD}.Release|Any CPU.ActiveCfg = Release|Any CPU
		{324590E3-A415-44A4-984B-D06F949377DD}.Release|Any CPU.Build.0 = Release|Any CPU
	EndGlobalSection
	GlobalSection(SolutionProperties) = preSolution
		HideSolutionNode = FALSE
	EndGlobalSection
	GlobalSection(ExtensibilityGlobals) = postSolution
		SolutionGuid = {5C5991B4-CD4F-44EE-8232-09D8E6457169}
	EndGlobalSection
EndGlobal
